
Microsoft Visual Studio Solution File, Format Version 12.00
# Visual Studio 2012
Project("{FAE04EC0-301F-11D3-BF4B-00C04F79EFBC}") = "MvcMusicStore", "MvcMusicStore\MvcMusicStore.csproj", "{14F3F8FC-3D37-48F2-BA61-3E91FE03C440}"
EndProject
Global
	GlobalSection(SolutionConfigurationPlatforms) = preSolution
		Debug|Any CPU = Debug|Any CPU
		Release|Any CPU = Release|Any CPU
	EndGlobalSection
	GlobalSection(ProjectConfigurationPlatforms) = postSolution
		{14F3F8FC-3D37-48F2-BA61-3E91FE03C440}.Debug|Any CPU.ActiveCfg = Debug|Any CPU
		{14F3F8FC-3D37-48F2-BA61-3E91FE03C440}.Debug|Any CPU.Build.0 = Debug|Any CPU
		{14F3F8FC-3D37-48F2-BA61-3E91FE03C440}.Release|Any CPU.ActiveCfg = Release|Any CPU
		{14F3F8FC-3D37-48F2-BA61-3E91FE03C440}.Release|Any CPU.Build.0 = Release|Any CPU
	EndGlobalSection
	GlobalSection(SolutionProperties) = preSolution
		HideSolutionNode = FALSE
	EndGlobalSection
EndGlobal
