
Microsoft Visual Studio Solution File, Format Version 12.00
# Visual Studio 2012
Project("{FAE04EC0-301F-11D3-BF4B-00C04F79EFBC}") = "CardDeck", "CardDeck\CardDeck.csproj", "{787313E6-736D-4D5C-A088-DAC79A5AE22D}"
EndProject
Global
	GlobalSection(SolutionConfigurationPlatforms) = preSolution
		Debug|Any CPU = Debug|Any CPU
		Release|Any CPU = Release|Any CPU
	EndGlobalSection
	GlobalSection(ProjectConfigurationPlatforms) = postSolution
		{787313E6-736D-4D5C-A088-DAC79A5AE22D}.Debug|Any CPU.ActiveCfg = Debug|Any CPU
		{787313E6-736D-4D5C-A088-DAC79A5AE22D}.Debug|Any CPU.Build.0 = Debug|Any CPU
		{787313E6-736D-4D5C-A088-DAC79A5AE22D}.Release|Any CPU.ActiveCfg = Release|Any CPU
		{787313E6-736D-4D5C-A088-DAC79A5AE22D}.Release|Any CPU.Build.0 = Release|Any CPU
	EndGlobalSection
	GlobalSection(SolutionProperties) = preSolution
		HideSolutionNode = FALSE
	EndGlobalSection
EndGlobal
