
Microsoft Visual Studio Solution File, Format Version 12.00
# Visual Studio 2012
Project("{FAE04EC0-301F-11D3-BF4B-00C04F79EFBC}") = "NerdDinner", "NerdDinner\NerdDinner.csproj", "{B75A5B5D-4650-433D-8609-763CE8164207}"
EndProject
Project("{FAE04EC0-301F-11D3-BF4B-00C04F79EFBC}") = "NerdDinner.Tests", "NerdDinner.Tests\NerdDinner.Tests.csproj", "{43E4ADDD-C1DF-4FDB-AE30-62A0020B7F4C}"
EndProject
Global
	GlobalSection(SolutionConfigurationPlatforms) = preSolution
		Debug|Any CPU = Debug|Any CPU
		Release|Any CPU = Release|Any CPU
	EndGlobalSection
	GlobalSection(ProjectConfigurationPlatforms) = postSolution
		{B75A5B5D-4650-433D-8609-763CE8164207}.Debug|Any CPU.ActiveCfg = Debug|Any CPU
		{B75A5B5D-4650-433D-8609-763CE8164207}.Debug|Any CPU.Build.0 = Debug|Any CPU
		{B75A5B5D-4650-433D-8609-763CE8164207}.Release|Any CPU.ActiveCfg = Release|Any CPU
		{B75A5B5D-4650-433D-8609-763CE8164207}.Release|Any CPU.Build.0 = Release|Any CPU
		{43E4ADDD-C1DF-4FDB-AE30-62A0020B7F4C}.Debug|Any CPU.ActiveCfg = Debug|Any CPU
		{43E4ADDD-C1DF-4FDB-AE30-62A0020B7F4C}.Debug|Any CPU.Build.0 = Debug|Any CPU
		{43E4ADDD-C1DF-4FDB-AE30-62A0020B7F4C}.Release|Any CPU.ActiveCfg = Release|Any CPU
		{43E4ADDD-C1DF-4FDB-AE30-62A0020B7F4C}.Release|Any CPU.Build.0 = Release|Any CPU
	EndGlobalSection
	GlobalSection(SolutionProperties) = preSolution
		HideSolutionNode = FALSE
	EndGlobalSection
EndGlobal
