
Microsoft Visual Studio Solution File, Format Version 12.00
# Visual Studio 2012
Project("{FAE04EC0-301F-11D3-BF4B-00C04F79EFBC}") = "OdeToFood", "OdeToFood\OdeToFood.csproj", "{7791755B-7D70-4827-8C73-95E5BEAACF83}"
EndProject
Project("{FAE04EC0-301F-11D3-BF4B-00C04F79EFBC}") = "OdeToFood.Tests", "OdeToFood.Tests\OdeToFood.Tests.csproj", "{943D79C2-6A68-4431-AA6D-1EF24CA7530A}"
EndProject
Global
	GlobalSection(SolutionConfigurationPlatforms) = preSolution
		Debug|Any CPU = Debug|Any CPU
		Release|Any CPU = Release|Any CPU
	EndGlobalSection
	GlobalSection(ProjectConfigurationPlatforms) = postSolution
		{7791755B-7D70-4827-8C73-95E5BEAACF83}.Debug|Any CPU.ActiveCfg = Debug|Any CPU
		{7791755B-7D70-4827-8C73-95E5BEAACF83}.Debug|Any CPU.Build.0 = Debug|Any CPU
		{7791755B-7D70-4827-8C73-95E5BEAACF83}.Release|Any CPU.ActiveCfg = Release|Any CPU
		{7791755B-7D70-4827-8C73-95E5BEAACF83}.Release|Any CPU.Build.0 = Release|Any CPU
		{943D79C2-6A68-4431-AA6D-1EF24CA7530A}.Debug|Any CPU.ActiveCfg = Debug|Any CPU
		{943D79C2-6A68-4431-AA6D-1EF24CA7530A}.Debug|Any CPU.Build.0 = Debug|Any CPU
		{943D79C2-6A68-4431-AA6D-1EF24CA7530A}.Release|Any CPU.ActiveCfg = Release|Any CPU
		{943D79C2-6A68-4431-AA6D-1EF24CA7530A}.Release|Any CPU.Build.0 = Release|Any CPU
	EndGlobalSection
	GlobalSection(SolutionProperties) = preSolution
		HideSolutionNode = FALSE
	EndGlobalSection
EndGlobal
