
Microsoft Visual Studio Solution File, Format Version 12.00
# Visual Studio 2012
Project("{FAE04EC0-301F-11D3-BF4B-00C04F79EFBC}") = "BeeHiveManagement", "BeeHiveManagement\BeeHiveManagement.csproj", "{085A7733-DB69-4294-B334-C4B521B0EA06}"
EndProject
Global
	GlobalSection(SolutionConfigurationPlatforms) = preSolution
		Debug|Any CPU = Debug|Any CPU
		Release|Any CPU = Release|Any CPU
	EndGlobalSection
	GlobalSection(ProjectConfigurationPlatforms) = postSolution
		{085A7733-DB69-4294-B334-C4B521B0EA06}.Debug|Any CPU.ActiveCfg = Debug|Any CPU
		{085A7733-DB69-4294-B334-C4B521B0EA06}.Debug|Any CPU.Build.0 = Debug|Any CPU
		{085A7733-DB69-4294-B334-C4B521B0EA06}.Release|Any CPU.ActiveCfg = Release|Any CPU
		{085A7733-DB69-4294-B334-C4B521B0EA06}.Release|Any CPU.Build.0 = Release|Any CPU
	EndGlobalSection
	GlobalSection(SolutionProperties) = preSolution
		HideSolutionNode = FALSE
	EndGlobalSection
EndGlobal
